
Microsoft Visual Studio Solution File, Format Version 12.00
# Visual Studio 2013
VisualStudioVersion = 12.0.30501.0
MinimumVisualStudioVersion = 10.0.40219.1
Project("{FAE04EC0-301F-11D3-BF4B-00C04F79EFBC}") = "Foillan.WebUI", "Follian.WebUI\Foillan.WebUI.csproj", "{438D10F3-A37E-4956-94B2-E8BD2DCA5AD4}"
EndProject
Project("{FAE04EC0-301F-11D3-BF4B-00C04F79EFBC}") = "Foillan.WebUI.Tests", "Follian.WebUI.Tests\Foillan.WebUI.Tests.csproj", "{8D234CA7-FF1C-4A66-8323-28B2BD99A402}"
EndProject
Project("{FAE04EC0-301F-11D3-BF4B-00C04F79EFBC}") = "Foillan.Models", "Follian.Models\Foillan.Models.csproj", "{9F016B42-845B-41E9-8941-73C0285915A0}"
EndProject
Project("{FAE04EC0-301F-11D3-BF4B-00C04F79EFBC}") = "Foillan.Models.Tests", "Follian.Models.Tests\Foillan.Models.Tests.csproj", "{57B70219-4857-44AC-BC1A-B1014F8D868E}"
EndProject
Project("{2150E333-8FDC-42A3-9474-1A3956D46DE8}") = "Unit Tests", "Unit Tests", "{2EC2641B-462D-454F-9595-E47703B0547D}"
EndProject
Project("{2150E333-8FDC-42A3-9474-1A3956D46DE8}") = ".nuget", ".nuget", "{E069A0F2-EE36-422A-8A5E-CEA6E8BE03A5}"
	ProjectSection(SolutionItems) = preProject
		.nuget\NuGet.Config = .nuget\NuGet.Config
		.nuget\NuGet.exe = .nuget\NuGet.exe
		.nuget\NuGet.targets = .nuget\NuGet.targets
	EndProjectSection
EndProject
Project("{FAE04EC0-301F-11D3-BF4B-00C04F79EFBC}") = "Foillan.WebService", "Foillan.WebService\Foillan.WebService.csproj", "{5DC34DC3-7001-4420-8AAC-5F1B78A1230C}"
EndProject
Project("{FAE04EC0-301F-11D3-BF4B-00C04F79EFBC}") = "Foillan.WebService.Tests", "Foillan.WebService.Tests\Foillan.WebService.Tests.csproj", "{EFDC7D30-4038-4228-82DD-FC4AFED2DCE6}"
EndProject
Global
	GlobalSection(SolutionConfigurationPlatforms) = preSolution
		Debug|Any CPU = Debug|Any CPU
		Release|Any CPU = Release|Any CPU
	EndGlobalSection
	GlobalSection(ProjectConfigurationPlatforms) = postSolution
		{438D10F3-A37E-4956-94B2-E8BD2DCA5AD4}.Debug|Any CPU.ActiveCfg = Debug|Any CPU
		{438D10F3-A37E-4956-94B2-E8BD2DCA5AD4}.Debug|Any CPU.Build.0 = Debug|Any CPU
		{438D10F3-A37E-4956-94B2-E8BD2DCA5AD4}.Release|Any CPU.ActiveCfg = Release|Any CPU
		{438D10F3-A37E-4956-94B2-E8BD2DCA5AD4}.Release|Any CPU.Build.0 = Release|Any CPU
		{8D234CA7-FF1C-4A66-8323-28B2BD99A402}.Debug|Any CPU.ActiveCfg = Debug|Any CPU
		{8D234CA7-FF1C-4A66-8323-28B2BD99A402}.Debug|Any CPU.Build.0 = Debug|Any CPU
		{8D234CA7-FF1C-4A66-8323-28B2BD99A402}.Release|Any CPU.ActiveCfg = Release|Any CPU
		{8D234CA7-FF1C-4A66-8323-28B2BD99A402}.Release|Any CPU.Build.0 = Release|Any CPU
		{9F016B42-845B-41E9-8941-73C0285915A0}.Debug|Any CPU.ActiveCfg = Debug|Any CPU
		{9F016B42-845B-41E9-8941-73C0285915A0}.Debug|Any CPU.Build.0 = Debug|Any CPU
		{9F016B42-845B-41E9-8941-73C0285915A0}.Release|Any CPU.ActiveCfg = Release|Any CPU
		{9F016B42-845B-41E9-8941-73C0285915A0}.Release|Any CPU.Build.0 = Release|Any CPU
		{57B70219-4857-44AC-BC1A-B1014F8D868E}.Debug|Any CPU.ActiveCfg = Debug|Any CPU
		{57B70219-4857-44AC-BC1A-B1014F8D868E}.Debug|Any CPU.Build.0 = Debug|Any CPU
		{57B70219-4857-44AC-BC1A-B1014F8D868E}.Release|Any CPU.ActiveCfg = Release|Any CPU
		{57B70219-4857-44AC-BC1A-B1014F8D868E}.Release|Any CPU.Build.0 = Release|Any CPU
		{5DC34DC3-7001-4420-8AAC-5F1B78A1230C}.Debug|Any CPU.ActiveCfg = Debug|Any CPU
		{5DC34DC3-7001-4420-8AAC-5F1B78A1230C}.Debug|Any CPU.Build.0 = Debug|Any CPU
		{5DC34DC3-7001-4420-8AAC-5F1B78A1230C}.Release|Any CPU.ActiveCfg = Release|Any CPU
		{5DC34DC3-7001-4420-8AAC-5F1B78A1230C}.Release|Any CPU.Build.0 = Release|Any CPU
		{EFDC7D30-4038-4228-82DD-FC4AFED2DCE6}.Debug|Any CPU.ActiveCfg = Debug|Any CPU
		{EFDC7D30-4038-4228-82DD-FC4AFED2DCE6}.Debug|Any CPU.Build.0 = Debug|Any CPU
		{EFDC7D30-4038-4228-82DD-FC4AFED2DCE6}.Release|Any CPU.ActiveCfg = Release|Any CPU
		{EFDC7D30-4038-4228-82DD-FC4AFED2DCE6}.Release|Any CPU.Build.0 = Release|Any CPU
	EndGlobalSection
	GlobalSection(SolutionProperties) = preSolution
		HideSolutionNode = FALSE
	EndGlobalSection
	GlobalSection(NestedProjects) = preSolution
		{8D234CA7-FF1C-4A66-8323-28B2BD99A402} = {2EC2641B-462D-454F-9595-E47703B0547D}
		{57B70219-4857-44AC-BC1A-B1014F8D868E} = {2EC2641B-462D-454F-9595-E47703B0547D}
		{EFDC7D30-4038-4228-82DD-FC4AFED2DCE6} = {2EC2641B-462D-454F-9595-E47703B0547D}
	EndGlobalSection
EndGlobal
